// !$*UTF8*$!
{
	archiveVersion = 1;
	classes = {
	};
	objectVersion = 56;
	objects = {

/* Begin PBXBuildFile section */
		5A85723F2B59555600B25546 /* dateAppApp.swift in Sources */ = {isa = PBXBuildFile; fileRef = 5A85723E2B59555600B25546 /* dateAppApp.swift */; };
		5A8572412B59555600B25546 /* ContentView.swift in Sources */ = {isa = PBXBuildFile; fileRef = 5A8572402B59555600B25546 /* ContentView.swift */; };
		5A8572432B59555700B25546 /* Assets.xcassets in Resources */ = {isa = PBXBuildFile; fileRef = 5A8572422B59555700B25546 /* Assets.xcassets */; };
		5A8572462B59555700B25546 /* Preview Assets.xcassets in Resources */ = {isa = PBXBuildFile; fileRef = 5A8572452B59555700B25546 /* Preview Assets.xcassets */; };
		5A8572502B59555700B25546 /* dateAppTests.swift in Sources */ = {isa = PBXBuildFile; fileRef = 5A85724F2B59555700B25546 /* dateAppTests.swift */; };
		5A85725A2B59555700B25546 /* dateAppUITests.swift in Sources */ = {isa = PBXBuildFile; fileRef = 5A8572592B59555700B25546 /* dateAppUITests.swift */; };
		5A85725C2B59555700B25546 /* dateAppUITestsLaunchTests.swift in Sources */ = {isa = PBXBuildFile; fileRef = 5A85725B2B59555700B25546 /* dateAppUITestsLaunchTests.swift */; };
/* End PBXBuildFile section */

/* Begin PBXContainerItemProxy section */
		5A85724C2B59555700B25546 /* PBXContainerItemProxy */ = {
			isa = PBXContainerItemProxy;
			containerPortal = 5A8572332B59555600B25546 /* Project object */;
			proxyType = 1;
			remoteGlobalIDString = 5A85723A2B59555600B25546;
			remoteInfo = dateApp;
		};
		5A8572562B59555700B25546 /* PBXContainerItemProxy */ = {
			isa = PBXContainerItemProxy;
			containerPortal = 5A8572332B59555600B25546 /* Project object */;
			proxyType = 1;
			remoteGlobalIDString = 5A85723A2B59555600B25546;
			remoteInfo = dateApp;
		};
/* End PBXContainerItemProxy section */

/* Begin PBXFileReference section */
		5A85723B2B59555600B25546 /* dateApp.app */ = {isa = PBXFileReference; explicitFileType = wrapper.application; includeInIndex = 0; path = dateApp.app; sourceTree = BUILT_PRODUCTS_DIR; };
		5A85723E2B59555600B25546 /* dateAppApp.swift */ = {isa = PBXFileReference; lastKnownFileType = sourcecode.swift; path = dateAppApp.swift; sourceTree = "<group>"; };
		5A8572402B59555600B25546 /* ContentView.swift */ = {isa = PBXFileReference; lastKnownFileType = sourcecode.swift; path = ContentView.swift; sourceTree = "<group>"; };
		5A8572422B59555700B25546 /* Assets.xcassets */ = {isa = PBXFileReference; lastKnownFileType = folder.assetcatalog; path = Assets.xcassets; sourceTree = "<group>"; };
		5A8572452B59555700B25546 /* Preview Assets.xcassets */ = {isa = PBXFileReference; lastKnownFileType = folder.assetcatalog; path = "Preview Assets.xcassets"; sourceTree = "<group>"; };
		5A85724B2B59555700B25546 /* dateAppTests.xctest */ = {isa = PBXFileReference; explicitFileType = wrapper.cfbundle; includeInIndex = 0; path = dateAppTests.xctest; sourceTree = BUILT_PRODUCTS_DIR; };
		5A85724F2B59555700B25546 /* dateAppTests.swift */ = {isa = PBXFileReference; lastKnownFileType = sourcecode.swift; path = dateAppTests.swift; sourceTree = "<group>"; };
		5A8572552B59555700B25546 /* dateAppUITests.xctest */ = {isa = PBXFileReference; explicitFileType = wrapper.cfbundle; includeInIndex = 0; path = dateAppUITests.xctest; sourceTree = BUILT_PRODUCTS_DIR; };
		5A8572592B59555700B25546 /* dateAppUITests.swift */ = {isa = PBXFileReference; lastKnownFileType = sourcecode.swift; path = dateAppUITests.swift; sourceTree = "<group>"; };
		5A85725B2B59555700B25546 /* dateAppUITestsLaunchTests.swift */ = {isa = PBXFileReference; lastKnownFileType = sourcecode.swift; path = dateAppUITestsLaunchTests.swift; sourceTree = "<group>"; };
/* End PBXFileReference section */

/* Begin PBXFrameworksBuildPhase section */
		5A8572382B59555600B25546 /* Frameworks */ = {
			isa = PBXFrameworksBuildPhase;
			buildActionMask = 2147483647;
			files = (
			);
			runOnlyForDeploymentPostprocessing = 0;
		};
		5A8572482B59555700B25546 /* Frameworks */ = {
			isa = PBXFrameworksBuildPhase;
			buildActionMask = 2147483647;
			files = (
			);
			runOnlyForDeploymentPostprocessing = 0;
		};
		5A8572522B59555700B25546 /* Frameworks */ = {
			isa = PBXFrameworksBuildPhase;
			buildActionMask = 2147483647;
			files = (
			);
			runOnlyForDeploymentPostprocessing = 0;
		};
/* End PBXFrameworksBuildPhase section */

/* Begin PBXGroup section */
		5A8572322B59555600B25546 = {
			isa = PBXGroup;
			children = (
				5A85723D2B59555600B25546 /* dateApp */,
				5A85724E2B59555700B25546 /* dateAppTests */,
				5A8572582B59555700B25546 /* dateAppUITests */,
				5A85723C2B59555600B25546 /* Products */,
			);
			sourceTree = "<group>";
		};
		5A85723C2B59555600B25546 /* Products */ = {
			isa = PBXGroup;
			children = (
				5A85723B2B59555600B25546 /* dateApp.app */,
				5A85724B2B59555700B25546 /* dateAppTests.xctest */,
				5A8572552B59555700B25546 /* dateAppUITests.xctest */,
			);
			name = Products;
			sourceTree = "<group>";
		};
		5A85723D2B59555600B25546 /* dateApp */ = {
			isa = PBXGroup;
			children = (
				5A85723E2B59555600B25546 /* dateAppApp.swift */,
				5A8572402B59555600B25546 /* ContentView.swift */,
				5A8572422B59555700B25546 /* Assets.xcassets */,
				5A8572442B59555700B25546 /* Preview Content */,
			);
			path = dateApp;
			sourceTree = "<group>";
		};
		5A8572442B59555700B25546 /* Preview Content */ = {
			isa = PBXGroup;
			children = (
				5A8572452B59555700B25546 /* Preview Assets.xcassets */,
			);
			path = "Preview Content";
			sourceTree = "<group>";
		};
		5A85724E2B59555700B25546 /* dateAppTests */ = {
			isa = PBXGroup;
			children = (
				5A85724F2B59555700B25546 /* dateAppTests.swift */,
			);
			path = dateAppTests;
			sourceTree = "<group>";
		};
		5A8572582B59555700B25546 /* dateAppUITests */ = {
			isa = PBXGroup;
			children = (
				5A8572592B59555700B25546 /* dateAppUITests.swift */,
				5A85725B2B59555700B25546 /* dateAppUITestsLaunchTests.swift */,
			);
			path = dateAppUITests;
			sourceTree = "<group>";
		};
/* End PBXGroup section */

/* Begin PBXNativeTarget section */
		5A85723A2B59555600B25546 /* dateApp */ = {
			isa = PBXNativeTarget;
			buildConfigurationList = 5A85725F2B59555700B25546 /* Build configuration list for PBXNativeTarget "dateApp" */;
			buildPhases = (
				5A8572372B59555600B25546 /* Sources */,
				5A8572382B59555600B25546 /* Frameworks */,
				5A8572392B59555600B25546 /* Resources */,
			);
			buildRules = (
			);
			dependencies = (
			);
			name = dateApp;
			productName = dateApp;
			productReference = 5A85723B2B59555600B25546 /* dateApp.app */;
			productType = "com.apple.product-type.application";
		};
		5A85724A2B59555700B25546 /* dateAppTests */ = {
			isa = PBXNativeTarget;
			buildConfigurationList = 5A8572622B59555700B25546 /* Build configuration list for PBXNativeTarget "dateAppTests" */;
			buildPhases = (
				5A8572472B59555700B25546 /* Sources */,
				5A8572482B59555700B25546 /* Frameworks */,
				5A8572492B59555700B25546 /* Resources */,
			);
			buildRules = (
			);
			dependencies = (
				5A85724D2B59555700B25546 /* PBXTargetDependency */,
			);
			name = dateAppTests;
			productName = dateAppTests;
			productReference = 5A85724B2B59555700B25546 /* dateAppTests.xctest */;
			productType = "com.apple.product-type.bundle.unit-test";
		};
		5A8572542B59555700B25546 /* dateAppUITests */ = {
			isa = PBXNativeTarget;
			buildConfigurationList = 5A8572652B59555700B25546 /* Build configuration list for PBXNativeTarget "dateAppUITests" */;
			buildPhases = (
				5A8572512B59555700B25546 /* Sources */,
				5A8572522B59555700B25546 /* Frameworks */,
				5A8572532B59555700B25546 /* Resources */,
			);
			buildRules = (
			);
			dependencies = (
				5A8572572B59555700B25546 /* PBXTargetDependency */,
			);
			name = dateAppUITests;
			productName = dateAppUITests;
			productReference = 5A8572552B59555700B25546 /* dateAppUITests.xctest */;
			productType = "com.apple.product-type.bundle.ui-testing";
		};
/* End PBXNativeTarget section */

/* Begin PBXProject section */
		5A8572332B59555600B25546 /* Project object */ = {
			isa = PBXProject;
			attributes = {
				BuildIndependentTargetsInParallel = 1;
				LastSwiftUpdateCheck = 1510;
				LastUpgradeCheck = 1510;
				TargetAttributes = {
					5A85723A2B59555600B25546 = {
						CreatedOnToolsVersion = 15.1;
					};
					5A85724A2B59555700B25546 = {
						CreatedOnToolsVersion = 15.1;
						TestTargetID = 5A85723A2B59555600B25546;
					};
					5A8572542B59555700B25546 = {
						CreatedOnToolsVersion = 15.1;
						TestTargetID = 5A85723A2B59555600B25546;
					};
				};
			};
			buildConfigurationList = 5A8572362B59555600B25546 /* Build configuration list for PBXProject "dateApp" */;
			compatibilityVersion = "Xcode 14.0";
			developmentRegion = en;
			hasScannedForEncodings = 0;
			knownRegions = (
				en,
				Base,
			);
			mainGroup = 5A8572322B59555600B25546;
			productRefGroup = 5A85723C2B59555600B25546 /* Products */;
			projectDirPath = "";
			projectRoot = "";
			targets = (
				5A85723A2B59555600B25546 /* dateApp */,
				5A85724A2B59555700B25546 /* dateAppTests */,
				5A8572542B59555700B25546 /* dateAppUITests */,
			);
		};
/* End PBXProject section */

/* Begin PBXResourcesBuildPhase section */
		5A8572392B59555600B25546 /* Resources */ = {
			isa = PBXResourcesBuildPhase;
			buildActionMask = 2147483647;
			files = (
				5A8572462B59555700B25546 /* Preview Assets.xcassets in Resources */,
				5A8572432B59555700B25546 /* Assets.xcassets in Resources */,
			);
			runOnlyForDeploymentPostprocessing = 0;
		};
		5A8572492B59555700B25546 /* Resources */ = {
			isa = PBXResourcesBuildPhase;
			buildActionMask = 2147483647;
			files = (
			);
			runOnlyForDeploymentPostprocessing = 0;
		};
		5A8572532B59555700B25546 /* Resources */ = {
			isa = PBXResourcesBuildPhase;
			buildActionMask = 2147483647;
			files = (
			);
			runOnlyForDeploymentPostprocessing = 0;
		};
/* End PBXResourcesBuildPhase section */

/* Begin PBXSourcesBuildPhase section */
		5A8572372B59555600B25546 /* Sources */ = {
			isa = PBXSourcesBuildPhase;
			buildActionMask = 2147483647;
			files = (
				5A8572412B59555600B25546 /* ContentView.swift in Sources */,
				5A85723F2B59555600B25546 /* dateAppApp.swift in Sources */,
			);
			runOnlyForDeploymentPostprocessing = 0;
		};
		5A8572472B59555700B25546 /* Sources */ = {
			isa = PBXSourcesBuildPhase;
			buildActionMask = 2147483647;
			files = (
				5A8572502B59555700B25546 /* dateAppTests.swift in Sources */,
			);
			runOnlyForDeploymentPostprocessing = 0;
		};
		5A8572512B59555700B25546 /* Sources */ = {
			isa = PBXSourcesBuildPhase;
			buildActionMask = 2147483647;
			files = (
				5A85725C2B59555700B25546 /* dateAppUITestsLaunchTests.swift in Sources */,
				5A85725A2B59555700B25546 /* dateAppUITests.swift in Sources */,
			);
			runOnlyForDeploymentPostprocessing = 0;
		};
/* End PBXSourcesBuildPhase section */

/* Begin PBXTargetDependency section */
		5A85724D2B59555700B25546 /* PBXTargetDependency */ = {
			isa = PBXTargetDependency;
			target = 5A85723A2B59555600B25546 /* dateApp */;
			targetProxy = 5A85724C2B59555700B25546 /* PBXContainerItemProxy */;
		};
		5A8572572B59555700B25546 /* PBXTargetDependency */ = {
			isa = PBXTargetDependency;
			target = 5A85723A2B59555600B25546 /* dateApp */;
			targetProxy = 5A8572562B59555700B25546 /* PBXContainerItemProxy */;
		};
/* End PBXTargetDependency section */

/* Begin XCBuildConfiguration section */
		5A85725D2B59555700B25546 /* Debug */ = {
			isa = XCBuildConfiguration;
			buildSettings = {
				ALWAYS_SEARCH_USER_PATHS = NO;
				ASSETCATALOG_COMPILER_GENERATE_SWIFT_ASSET_SYMBOL_EXTENSIONS = YES;
				CLANG_ANALYZER_NONNULL = YES;
				CLANG_ANALYZER_NUMBER_OBJECT_CONVERSION = YES_AGGRESSIVE;
				CLANG_CXX_LANGUAGE_STANDARD = "gnu++20";
				CLANG_ENABLE_MODULES = YES;
				CLANG_ENABLE_OBJC_ARC = YES;
				CLANG_ENABLE_OBJC_WEAK = YES;
				CLANG_WARN_BLOCK_CAPTURE_AUTORELEASING = YES;
				CLANG_WARN_BOOL_CONVERSION = YES;
				CLANG_WARN_COMMA = YES;
				CLANG_WARN_CONSTANT_CONVERSION = YES;
				CLANG_WARN_DEPRECATED_OBJC_IMPLEMENTATIONS = YES;
				CLANG_WARN_DIRECT_OBJC_ISA_USAGE = YES_ERROR;
				CLANG_WARN_DOCUMENTATION_COMMENTS = YES;
				CLANG_WARN_EMPTY_BODY = YES;
				CLANG_WARN_ENUM_CONVERSION = YES;
				CLANG_WARN_INFINITE_RECURSION = YES;
				CLANG_WARN_INT_CONVERSION = YES;
				CLANG_WARN_NON_LITERAL_NULL_CONVERSION = YES;
				CLANG_WARN_OBJC_IMPLICIT_RETAIN_SELF = YES;
				CLANG_WARN_OBJC_LITERAL_CONVERSION = YES;
				CLANG_WARN_OBJC_ROOT_CLASS = YES_ERROR;
				CLANG_WARN_QUOTED_INCLUDE_IN_FRAMEWORK_HEADER = YES;
				CLANG_WARN_RANGE_LOOP_ANALYSIS = YES;
				CLANG_WARN_STRICT_PROTOTYPES = YES;
				CLANG_WARN_SUSPICIOUS_MOVE = YES;
				CLANG_WARN_UNGUARDED_AVAILABILITY = YES_AGGRESSIVE;
				CLANG_WARN_UNREACHABLE_CODE = YES;
				CLANG_WARN__DUPLICATE_METHOD_MATCH = YES;
				COPY_PHASE_STRIP = NO;
				DEBUG_INFORMATION_FORMAT = dwarf;
				ENABLE_STRICT_OBJC_MSGSEND = YES;
				ENABLE_TESTABILITY = YES;
				ENABLE_USER_SCRIPT_SANDBOXING = YES;
				GCC_C_LANGUAGE_STANDARD = gnu17;
				GCC_DYNAMIC_NO_PIC = NO;
				GCC_NO_COMMON_BLOCKS = YES;
				GCC_OPTIMIZATION_LEVEL = 0;
				GCC_PREPROCESSOR_DEFINITIONS = (
					"DEBUG=1",
					"$(inherited)",
				);
				GCC_WARN_64_TO_32_BIT_CONVERSION = YES;
				GCC_WARN_ABOUT_RETURN_TYPE = YES_ERROR;
				GCC_WARN_UNDECLARED_SELECTOR = YES;
				GCC_WARN_UNINITIALIZED_AUTOS = YES_AGGRESSIVE;
				GCC_WARN_UNUSED_FUNCTION = YES;
				GCC_WARN_UNUSED_VARIABLE = YES;
				IPHONEOS_DEPLOYMENT_TARGET = 17.2;
				LOCALIZATION_PREFERS_STRING_CATALOGS = YES;
				MTL_ENABLE_DEBUG_INFO = INCLUDE_SOURCE;
				MTL_FAST_MATH = YES;
				ONLY_ACTIVE_ARCH = YES;
				SDKROOT = iphoneos;
				SWIFT_ACTIVE_COMPILATION_CONDITIONS = "DEBUG $(inherited)";
				SWIFT_OPTIMIZATION_LEVEL = "-Onone";
			};
			name = Debug;
		};
		5A85725E2B59555700B25546 /* Release */ = {
			isa = XCBuildConfiguration;
			buildSettings = {
				ALWAYS_SEARCH_USER_PATHS = NO;
				ASSETCATALOG_COMPILER_GENERATE_SWIFT_ASSET_SYMBOL_EXTENSIONS = YES;
				CLANG_ANALYZER_NONNULL = YES;
				CLANG_ANALYZER_NUMBER_OBJECT_CONVERSION = YES_AGGRESSIVE;
				CLANG_CXX_LANGUAGE_STANDARD = "gnu++20";
				CLANG_ENABLE_MODULES = YES;
				CLANG_ENABLE_OBJC_ARC = YES;
				CLANG_ENABLE_OBJC_WEAK = YES;
				CLANG_WARN_BLOCK_CAPTURE_AUTORELEASING = YES;
				CLANG_WARN_BOOL_CONVERSION = YES;
				CLANG_WARN_COMMA = YES;
				CLANG_WARN_CONSTANT_CONVERSION = YES;
				CLANG_WARN_DEPRECATED_OBJC_IMPLEMENTATIONS = YES;
				CLANG_WARN_DIRECT_OBJC_ISA_USAGE = YES_ERROR;
				CLANG_WARN_DOCUMENTATION_COMMENTS = YES;
				CLANG_WARN_EMPTY_BODY = YES;
				CLANG_WARN_ENUM_CONVERSION = YES;
				CLANG_WARN_INFINITE_RECURSION = YES;
				CLANG_WARN_INT_CONVERSION = YES;
				CLANG_WARN_NON_LITERAL_NULL_CONVERSION = YES;
				CLANG_WARN_OBJC_IMPLICIT_RETAIN_SELF = YES;
				CLANG_WARN_OBJC_LITERAL_CONVERSION = YES;
				CLANG_WARN_OBJC_ROOT_CLASS = YES_ERROR;
				CLANG_WARN_QUOTED_INCLUDE_IN_FRAMEWORK_HEADER = YES;
				CLANG_WARN_RANGE_LOOP_ANALYSIS = YES;
				CLANG_WARN_STRICT_PROTOTYPES = YES;
				CLANG_WARN_SUSPICIOUS_MOVE = YES;
				CLANG_WARN_UNGUARDED_AVAILABILITY = YES_AGGRESSIVE;
				CLANG_WARN_UNREACHABLE_CODE = YES;
				CLANG_WARN__DUPLICATE_METHOD_MATCH = YES;
				COPY_PHASE_STRIP = NO;
				DEBUG_INFORMATION_FORMAT = "dwarf-with-dsym";
				ENABLE_NS_ASSERTIONS = NO;
				ENABLE_STRICT_OBJC_MSGSEND = YES;
				ENABLE_USER_SCRIPT_SANDBOXING = YES;
				GCC_C_LANGUAGE_STANDARD = gnu17;
				GCC_NO_COMMON_BLOCKS = YES;
				GCC_WARN_64_TO_32_BIT_CONVERSION = YES;
				GCC_WARN_ABOUT_RETURN_TYPE = YES_ERROR;
				GCC_WARN_UNDECLARED_SELECTOR = YES;
				GCC_WARN_UNINITIALIZED_AUTOS = YES_AGGRESSIVE;
				GCC_WARN_UNUSED_FUNCTION = YES;
				GCC_WARN_UNUSED_VARIABLE = YES;
				IPHONEOS_DEPLOYMENT_TARGET = 17.2;
				LOCALIZATION_PREFERS_STRING_CATALOGS = YES;
				MTL_ENABLE_DEBUG_INFO = NO;
				MTL_FAST_MATH = YES;
				SDKROOT = iphoneos;
				SWIFT_COMPILATION_MODE = wholemodule;
				VALIDATE_PRODUCT = YES;
			};
			name = Release;
		};
		5A8572602B59555700B25546 /* Debug */ = {
			isa = XCBuildConfiguration;
			buildSettings = {
				ASSETCATALOG_COMPILER_APPICON_NAME = AppIcon;
				ASSETCATALOG_COMPILER_GLOBAL_ACCENT_COLOR_NAME = AccentColor;
				CODE_SIGN_STYLE = Automatic;
				CURRENT_PROJECT_VERSION = 1;
				DEVELOPMENT_ASSET_PATHS = "\"dateApp/Preview Content\"";
				ENABLE_PREVIEWS = YES;
				GENERATE_INFOPLIST_FILE = YES;
				INFOPLIST_KEY_UIApplicationSceneManifest_Generation = YES;
				INFOPLIST_KEY_UIApplicationSupportsIndirectInputEvents = YES;
				INFOPLIST_KEY_UILaunchScreen_Generation = YES;
				INFOPLIST_KEY_UISupportedInterfaceOrientations_iPad = "UIInterfaceOrientationPortrait UIInterfaceOrientationPortraitUpsideDown UIInterfaceOrientationLandscapeLeft UIInterfaceOrientationLandscapeRight";
				INFOPLIST_KEY_UISupportedInterfaceOrientations_iPhone = "UIInterfaceOrientationPortrait UIInterfaceOrientationLandscapeLeft UIInterfaceOrientationLandscapeRight";
				LD_RUNPATH_SEARCH_PATHS = (
					"$(inherited)",
					"@executable_path/Frameworks",
				);
				MARKETING_VERSION = 1.0;
				PRODUCT_BUNDLE_IDENTIFIER = Sample.dateApp;
				PRODUCT_NAME = "$(TARGET_NAME)";
				SWIFT_EMIT_LOC_STRINGS = YES;
				SWIFT_VERSION = 5.0;
				TARGETED_DEVICE_FAMILY = "1,2";
			};
			name = Debug;
		};
		5A8572612B59555700B25546 /* Release */ = {
			isa = XCBuildConfiguration;
			buildSettings = {
				ASSETCATALOG_COMPILER_APPICON_NAME = AppIcon;
				ASSETCATALOG_COMPILER_GLOBAL_ACCENT_COLOR_NAME = AccentColor;
				CODE_SIGN_STYLE = Automatic;
				CURRENT_PROJECT_VERSION = 1;
				DEVELOPMENT_ASSET_PATHS = "\"dateApp/Preview Content\"";
				ENABLE_PREVIEWS = YES;
				GENERATE_INFOPLIST_FILE = YES;
				INFOPLIST_KEY_UIApplicationSceneManifest_Generation = YES;
				INFOPLIST_KEY_UIApplicationSupportsIndirectInputEvents = YES;
				INFOPLIST_KEY_UILaunchScreen_Generation = YES;
				INFOPLIST_KEY_UISupportedInterfaceOrientations_iPad = "UIInterfaceOrientationPortrait UIInterfaceOrientationPortraitUpsideDown UIInterfaceOrientationLandscapeLeft UIInterfaceOrientationLandscapeRight";
				INFOPLIST_KEY_UISupportedInterfaceOrientations_iPhone = "UIInterfaceOrientationPortrait UIInterfaceOrientationLandscapeLeft UIInterfaceOrientationLandscapeRight";
				LD_RUNPATH_SEARCH_PATHS = (
					"$(inherited)",
					"@executable_path/Frameworks",
				);
				MARKETING_VERSION = 1.0;
				PRODUCT_BUNDLE_IDENTIFIER = Sample.dateApp;
				PRODUCT_NAME = "$(TARGET_NAME)";
				SWIFT_EMIT_LOC_STRINGS = YES;
				SWIFT_VERSION = 5.0;
				TARGETED_DEVICE_FAMILY = "1,2";
			};
			name = Release;
		};
		5A8572632B59555700B25546 /* Debug */ = {
			isa = XCBuildConfiguration;
			buildSettings = {
				ALWAYS_EMBED_SWIFT_STANDARD_LIBRARIES = YES;
				BUNDLE_LOADER = "$(TEST_HOST)";
				CODE_SIGN_STYLE = Automatic;
				CURRENT_PROJECT_VERSION = 1;
				GENERATE_INFOPLIST_FILE = YES;
				IPHONEOS_DEPLOYMENT_TARGET = 17.2;
				MARKETING_VERSION = 1.0;
				PRODUCT_BUNDLE_IDENTIFIER = Sample.dateAppTests;
				PRODUCT_NAME = "$(TARGET_NAME)";
				SWIFT_EMIT_LOC_STRINGS = NO;
				SWIFT_VERSION = 5.0;
				TARGETED_DEVICE_FAMILY = "1,2";
				TEST_HOST = "$(BUILT_PRODUCTS_DIR)/dateApp.app/$(BUNDLE_EXECUTABLE_FOLDER_PATH)/dateApp";
			};
			name = Debug;
		};
		5A8572642B59555700B25546 /* Release */ = {
			isa = XCBuildConfiguration;
			buildSettings = {
				ALWAYS_EMBED_SWIFT_STANDARD_LIBRARIES = YES;
				BUNDLE_LOADER = "$(TEST_HOST)";
				CODE_SIGN_STYLE = Automatic;
				CURRENT_PROJECT_VERSION = 1;
				GENERATE_INFOPLIST_FILE = YES;
				IPHONEOS_DEPLOYMENT_TARGET = 17.2;
				MARKETING_VERSION = 1.0;
				PRODUCT_BUNDLE_IDENTIFIER = Sample.dateAppTests;
				PRODUCT_NAME = "$(TARGET_NAME)";
				SWIFT_EMIT_LOC_STRINGS = NO;
				SWIFT_VERSION = 5.0;
				TARGETED_DEVICE_FAMILY = "1,2";
				TEST_HOST = "$(BUILT_PRODUCTS_DIR)/dateApp.app/$(BUNDLE_EXECUTABLE_FOLDER_PATH)/dateApp";
			};
			name = Release;
		};
		5A8572662B59555700B25546 /* Debug */ = {
			isa = XCBuildConfiguration;
			buildSettings = {
				ALWAYS_EMBED_SWIFT_STANDARD_LIBRARIES = YES;
				CODE_SIGN_STYLE = Automatic;
				CURRENT_PROJECT_VERSION = 1;
				GENERATE_INFOPLIST_FILE = YES;
				MARKETING_VERSION = 1.0;
				PRODUCT_BUNDLE_IDENTIFIER = Sample.dateAppUITests;
				PRODUCT_NAME = "$(TARGET_NAME)";
				SWIFT_EMIT_LOC_STRINGS = NO;
				SWIFT_VERSION = 5.0;
				TARGETED_DEVICE_FAMILY = "1,2";
				TEST_TARGET_NAME = dateApp;
			};
			name = Debug;
		};
		5A8572672B59555700B25546 /* Release */ = {
			isa = XCBuildConfiguration;
			buildSettings = {
				ALWAYS_EMBED_SWIFT_STANDARD_LIBRARIES = YES;
				CODE_SIGN_STYLE = Automatic;
				CURRENT_PROJECT_VERSION = 1;
				GENERATE_INFOPLIST_FILE = YES;
				MARKETING_VERSION = 1.0;
				PRODUCT_BUNDLE_IDENTIFIER = Sample.dateAppUITests;
				PRODUCT_NAME = "$(TARGET_NAME)";
				SWIFT_EMIT_LOC_STRINGS = NO;
				SWIFT_VERSION = 5.0;
				TARGETED_DEVICE_FAMILY = "1,2";
				TEST_TARGET_NAME = dateApp;
			};
			name = Release;
		};
/* End XCBuildConfiguration section */

/* Begin XCConfigurationList section */
		5A8572362B59555600B25546 /* Build configuration list for PBXProject "dateApp" */ = {
			isa = XCConfigurationList;
			buildConfigurations = (
				5A85725D2B59555700B25546 /* Debug */,
				5A85725E2B59555700B25546 /* Release */,
			);
			defaultConfigurationIsVisible = 0;
			defaultConfigurationName = Release;
		};
		5A85725F2B59555700B25546 /* Build configuration list for PBXNativeTarget "dateApp" */ = {
			isa = XCConfigurationList;
			buildConfigurations = (
				5A8572602B59555700B25546 /* Debug */,
				5A8572612B59555700B25546 /* Release */,
			);
			defaultConfigurationIsVisible = 0;
			defaultConfigurationName = Release;
		};
		5A8572622B59555700B25546 /* Build configuration list for PBXNativeTarget "dateAppTests" */ = {
			isa = XCConfigurationList;
			buildConfigurations = (
				5A8572632B59555700B25546 /* Debug */,
				5A8572642B59555700B25546 /* Release */,
			);
			defaultConfigurationIsVisible = 0;
			defaultConfigurationName = Release;
		};
		5A8572652B59555700B25546 /* Build configuration list for PBXNativeTarget "dateAppUITests" */ = {
			isa = XCConfigurationList;
			buildConfigurations = (
				5A8572662B59555700B25546 /* Debug */,
				5A8572672B59555700B25546 /* Release */,
			);
			defaultConfigurationIsVisible = 0;
			defaultConfigurationName = Release;
		};
/* End XCConfigurationList section */
	};
	rootObject = 5A8572332B59555600B25546 /* Project object */;
}
